
Microsoft Visual Studio Solution File, Format Version 12.00
# Visual Studio Version 16
VisualStudioVersion = 16.0.30225.117
MinimumVisualStudioVersion = 10.0.40219.1
Project("{FAE04EC0-301F-11D3-BF4B-00C04F79EFBC}") = "shredFile", "shredFile\shredFile.csproj", "{8199B1A2-1EA4-4C82-A999-2C0CE9ACDA3A}"
EndProject
Global
	GlobalSection(SolutionConfigurationPlatforms) = preSolution
		Debug|Any CPU = Debug|Any CPU
		Release|Any CPU = Release|Any CPU
	EndGlobalSection
	GlobalSection(ProjectConfigurationPlatforms) = postSolution
		{8199B1A2-1EA4-4C82-A999-2C0CE9ACDA3A}.Debug|Any CPU.ActiveCfg = Debug|Any CPU
		{8199B1A2-1EA4-4C82-A999-2C0CE9ACDA3A}.Debug|Any CPU.Build.0 = Debug|Any CPU
		{8199B1A2-1EA4-4C82-A999-2C0CE9ACDA3A}.Release|Any CPU.ActiveCfg = Release|Any CPU
		{8199B1A2-1EA4-4C82-A999-2C0CE9ACDA3A}.Release|Any CPU.Build.0 = Release|Any CPU
	EndGlobalSection
	GlobalSection(SolutionProperties) = preSolution
		HideSolutionNode = FALSE
	EndGlobalSection
	GlobalSection(ExtensibilityGlobals) = postSolution
		SolutionGuid = {246D1F08-8EDF-4D20-9CDA-33A795804265}
	EndGlobalSection
EndGlobal
